
Microsoft Visual Studio Solution File, Format Version 12.00
# Visual Studio Version 17
VisualStudioVersion = 17.9.34728.123
MinimumVisualStudioVersion = 10.0.40219.1
Project("{FAE04EC0-301F-11D3-BF4B-00C04F79EFBC}") = "WinFormsApp3", "WinFormsApp3\WinFormsApp3.csproj", "{949E80D8-A5FF-439B-90C6-4FF361B24A54}"
EndProject
Global
	GlobalSection(SolutionConfigurationPlatforms) = preSolution
		Debug|Any CPU = Debug|Any CPU
		Release|Any CPU = Release|Any CPU
	EndGlobalSection
	GlobalSection(ProjectConfigurationPlatforms) = postSolution
		{949E80D8-A5FF-439B-90C6-4FF361B24A54}.Debug|Any CPU.ActiveCfg = Debug|Any CPU
		{949E80D8-A5FF-439B-90C6-4FF361B24A54}.Debug|Any CPU.Build.0 = Debug|Any CPU
		{949E80D8-A5FF-439B-90C6-4FF361B24A54}.Release|Any CPU.ActiveCfg = Release|Any CPU
		{949E80D8-A5FF-439B-90C6-4FF361B24A54}.Release|Any CPU.Build.0 = Release|Any CPU
	EndGlobalSection
	GlobalSection(SolutionProperties) = preSolution
		HideSolutionNode = FALSE
	EndGlobalSection
	GlobalSection(ExtensibilityGlobals) = postSolution
		SolutionGuid = {6270B654-9656-4B72-AC8D-8DA318EE025B}
	EndGlobalSection
EndGlobal
